
Microsoft Visual Studio Solution File, Format Version 12.00
# Visual Studio 14
VisualStudioVersion = 14.0.25420.1
MinimumVisualStudioVersion = 10.0.40219.1
Project("{FAE04EC0-301F-11D3-BF4B-00C04F79EFBC}") = "LINQExample", "LINQExample\LINQExample.csproj", "{5E4A392C-0694-4F03-AD45-2012BD3E3B05}"
EndProject
Project("{FAE04EC0-301F-11D3-BF4B-00C04F79EFBC}") = "FundDBFirst", "FundDb2\FundDBFirst.csproj", "{5D2B2655-59F7-4C7A-A8FC-D2A5C63E59F5}"
EndProject
Project("{FAE04EC0-301F-11D3-BF4B-00C04F79EFBC}") = "ModelFirst", "ModelFirst\ModelFirst.csproj", "{14ECFC01-4ED7-46A9-923D-EA45D2DB4D29}"
EndProject
Project("{FAE04EC0-301F-11D3-BF4B-00C04F79EFBC}") = "CodeFirst", "CodeFirst\CodeFirst.csproj", "{40304C27-F1B3-45AC-8456-68E3ABB25ADD}"
EndProject
Global
	GlobalSection(SolutionConfigurationPlatforms) = preSolution
		Debug|Any CPU = Debug|Any CPU
		Release|Any CPU = Release|Any CPU
	EndGlobalSection
	GlobalSection(ProjectConfigurationPlatforms) = postSolution
		{5E4A392C-0694-4F03-AD45-2012BD3E3B05}.Debug|Any CPU.ActiveCfg = Debug|Any CPU
		{5E4A392C-0694-4F03-AD45-2012BD3E3B05}.Debug|Any CPU.Build.0 = Debug|Any CPU
		{5E4A392C-0694-4F03-AD45-2012BD3E3B05}.Release|Any CPU.ActiveCfg = Release|Any CPU
		{5E4A392C-0694-4F03-AD45-2012BD3E3B05}.Release|Any CPU.Build.0 = Release|Any CPU
		{5D2B2655-59F7-4C7A-A8FC-D2A5C63E59F5}.Debug|Any CPU.ActiveCfg = Debug|Any CPU
		{5D2B2655-59F7-4C7A-A8FC-D2A5C63E59F5}.Debug|Any CPU.Build.0 = Debug|Any CPU
		{5D2B2655-59F7-4C7A-A8FC-D2A5C63E59F5}.Release|Any CPU.ActiveCfg = Release|Any CPU
		{5D2B2655-59F7-4C7A-A8FC-D2A5C63E59F5}.Release|Any CPU.Build.0 = Release|Any CPU
		{14ECFC01-4ED7-46A9-923D-EA45D2DB4D29}.Debug|Any CPU.ActiveCfg = Debug|Any CPU
		{14ECFC01-4ED7-46A9-923D-EA45D2DB4D29}.Debug|Any CPU.Build.0 = Debug|Any CPU
		{14ECFC01-4ED7-46A9-923D-EA45D2DB4D29}.Release|Any CPU.ActiveCfg = Release|Any CPU
		{14ECFC01-4ED7-46A9-923D-EA45D2DB4D29}.Release|Any CPU.Build.0 = Release|Any CPU
		{40304C27-F1B3-45AC-8456-68E3ABB25ADD}.Debug|Any CPU.ActiveCfg = Debug|Any CPU
		{40304C27-F1B3-45AC-8456-68E3ABB25ADD}.Debug|Any CPU.Build.0 = Debug|Any CPU
		{40304C27-F1B3-45AC-8456-68E3ABB25ADD}.Release|Any CPU.ActiveCfg = Release|Any CPU
		{40304C27-F1B3-45AC-8456-68E3ABB25ADD}.Release|Any CPU.Build.0 = Release|Any CPU
	EndGlobalSection
	GlobalSection(SolutionProperties) = preSolution
		HideSolutionNode = FALSE
	EndGlobalSection
EndGlobal
