
Microsoft Visual Studio Solution File, Format Version 12.00
# Visual Studio 14
VisualStudioVersion = 14.0.23107.0
MinimumVisualStudioVersion = 10.0.40219.1
Project("{FAE04EC0-301F-11D3-BF4B-00C04F79EFBC}") = "ParallelTask", "ParallelTask\ParallelTask.csproj", "{7F49BEFB-E8A5-42FB-B6B2-49769E6C2F02}"
EndProject
Global
	GlobalSection(SolutionConfigurationPlatforms) = preSolution
		Debug|Any CPU = Debug|Any CPU
		Release|Any CPU = Release|Any CPU
	EndGlobalSection
	GlobalSection(ProjectConfigurationPlatforms) = postSolution
		{7F49BEFB-E8A5-42FB-B6B2-49769E6C2F02}.Debug|Any CPU.ActiveCfg = Debug|Any CPU
		{7F49BEFB-E8A5-42FB-B6B2-49769E6C2F02}.Debug|Any CPU.Build.0 = Debug|Any CPU
		{7F49BEFB-E8A5-42FB-B6B2-49769E6C2F02}.Release|Any CPU.ActiveCfg = Release|Any CPU
		{7F49BEFB-E8A5-42FB-B6B2-49769E6C2F02}.Release|Any CPU.Build.0 = Release|Any CPU
	EndGlobalSection
	GlobalSection(SolutionProperties) = preSolution
		HideSolutionNode = FALSE
	EndGlobalSection
EndGlobal
